#  + resource "aws_instance" "terraform" {
#       + ami                                  = "ami-09c813fb71547fc4f"
#       + arn                                  = (known after apply)
#       + associate_public_ip_address          = (known after apply)
#       + availability_zone                    = (known after apply)
#       + disable_api_stop                     = (known after apply)
#       + disable_api_termination              = (known after apply)
#       + ebs_optimized                        = (known after apply)
#       + enable_primary_ipv6                  = (known after apply)
#       + force_destroy                        = false
#       + get_password_data                    = false
#       + host_id                              = (known after apply)
#       + host_resource_group_arn              = (known after apply)
#       + iam_instance_profile                 = (known after apply)
#       + id                                   = (known after apply)
#       + instance_initiated_shutdown_behavior = (known after apply)
#       + instance_lifecycle                   = (known after apply)
#       + instance_state                       = (known after apply)
#       + instance_type                        = "t3.micro"
#       + ipv6_address_count                   = (known after apply)
#       + ipv6_addresses                       = (known after apply)
#       + key_name                             = (known after apply)
#       + monitoring                           = (known after apply)
#       + outpost_arn                          = (known after apply)
#       + password_data                        = (known after apply)
#       + placement_group                      = (known after apply)
#       + placement_group_id                   = (known after apply)
#       + placement_partition_number           = (known after apply)
#       + primary_network_interface_id         = (known after apply)
#       + private_dns                          = (known after apply)
#       + private_ip                           = (known after apply)
#       + public_dns                           = (known after apply)
#       + public_ip                            = (known after apply)
#       + region                               = "us-east-1"
#       + secondary_private_ips                = (known after apply)
#       + security_groups                      = (known after apply)
#       + source_dest_check                    = true
#       + spot_instance_request_id             = (known after apply)
#       + subnet_id                            = (known after apply)
#       + tags                                 = {
#           + "Name"      = "terraform-1"
#           + "Terraform" = "true"
#         }
#       + tags_all                             = {
#           + "Name"      = "terraform-1"
#           + "Terraform" = "true"
#         }
#       + tenancy                              = (known after apply)
#       + user_data_base64                     = (known after apply)
#       + user_data_replace_on_change          = false
#       + vpc_security_group_ids               = (known after apply)

#       + capacity_reservation_specification (known after apply)

#       + cpu_options (known after apply)

#       + ebs_block_device (known after apply)

#       + enclave_options (known after apply)

#       + ephemeral_block_device (known after apply)

#       + instance_market_options (known after apply)

#       + maintenance_options (known after apply)

#       + metadata_options (known after apply)

#       + network_interface (known after apply)

#       + primary_network_interface (known after apply)

#       + private_dns_name_options (known after apply)

#       + root_block_device (known after apply)
#     }

#   # aws_security_group.allow_all will be created
#   + resource "aws_security_group" "allow_all" {
#       + arn                    = (known after apply)
#       + description            = "Managed by Terraform"
#       + egress                 = [
#           + {
#               + cidr_blocks      = [
#                   + "0.0.0.0/0",
#                 ]
#               + from_port        = 0
#               + ipv6_cidr_blocks = []
#               + prefix_list_ids  = []
#               + protocol         = "-1"
#               + security_groups  = []
#               + self             = false
#               + to_port          = 0
#                 # (1 unchanged attribute hidden)
#             },
#         ]
#       + id                     = (known after apply)
#       + ingress                = [
#           + {
#               + cidr_blocks      = [
#                   + "0.0.0.0/0",
#                 ]
#               + from_port        = 0
#               + ipv6_cidr_blocks = []
#               + prefix_list_ids  = []
#               + protocol         = "-1"
#               + security_groups  = []
#               + self             = false
#               + to_port          = 0
#                 # (1 unchanged attribute hidden)
#             },
#         ]
#       + name                   = "allow-all"
#       + name_prefix            = (known after apply)
#       + owner_id               = (known after apply)
#       + region                 = "us-east-1"
#       + revoke_rules_on_delete = false
#       + tags                   = {
#           + "Name" = "allow-all"
#         }
#       + tags_all               = {
#           + "Name" = "allow-all"
#         }
#       + vpc_id                 = (known after apply)
#     }

# Plan: 2 to add, 0 to change, 0 to destroy.

# Changes to Outputs:
#   + ami_id  = "ami-09c813fb71547fc4f"
#   + mongodb = {
#       + ami                         = "ami-09c813fb71547fc4f"
#       + arn                         = "arn:aws:ec2:us-east-1:866486457008:instan
#       + associate_public_ip_address = true
#       + availability_zone           = "us-east-1a"
#       + credit_specification        = [
#           + {
#               + cpu_credits = "unlimited"
#             },
#         ]
#       + disable_api_stop            = false
#       + disable_api_termination     = false
#       + ebs_block_device            = []
#       + ebs_optimized               = false
#       + enclave_options             = [
#           + {
#               + enabled = false
#             },
#         ]
#       + ephemeral_block_device      = []
#       + filter                      = null
#       + get_password_data           = false
#       + get_user_data               = false
#       + host_id                     = ""
#       + host_resource_group_arn     = ""
#       + iam_instance_profile        = ""
#       + id                          = "i-03c15d063979eecfc"
#       + instance_id                 = "i-03c15d063979eecfc"
#       + instance_state              = "running"
#       + instance_tags               = null
#       + instance_type               = "t3.micro"
#       + ipv6_addresses              = []
#       + key_name                    = ""
#       + launch_time                 = "2025-10-17T07:35:19Z"
#       + maintenance_options         = [
#           + {
#               + auto_recovery = "default"
#             },
#         ]
#       + metadata_options            = [
#           + {
#               + http_endpoint               = "enabled"
#               + http_protocol_ipv6          = "disabled"
#               + http_put_response_hop_limit = 1
#               + http_tokens                 = "optional"
#               + instance_metadata_tags      = "disabled"
#             },
#         ]
#       + monitoring                  = false
#       + network_interface_id        = "eni-013354a2255f0cc27"
#       + outpost_arn                 = ""
#       + password_data               = null
#       + placement_group             = ""
#       + placement_group_id          = ""
#       + placement_partition_number  = 0
#       + private_dns                 = "ip-172-31-24-11.ec2.internal"
#       + private_dns_name_options    = [
#           + {
#               + enable_resource_name_dns_a_record    = false
#               + enable_resource_name_dns_aaaa_record = false
#               + hostname_type                        = "ip-name"
#             },
#         ]
#       + private_ip                  = "172.31.24.11"
#       + public_dns                  = "ec2-54-87-118-29.compute-1.amazonaws.com"
#       + public_ip                   = "54.87.118.29"
#       + region                      = "us-east-1"
#       + root_block_device           = [
#           + {
#               + delete_on_termination = true
#               + device_name           = "/dev/sda1"
#               + encrypted             = false
#               + iops                  = 3000
#               + kms_key_id            = ""
#               + tags                  = {}
#               + throughput            = 125
#               + volume_id             = "vol-0e6bf023a5d5001c1"
#               + volume_size           = 20
#               + volume_type           = "gp3"
#             },
#         ]
#       + secondary_private_ips       = []
#       + security_groups             = [
#           + "allow-all",
#         ]
#       + source_dest_check           = true
#       + subnet_id                   = "subnet-051e2fce18c732083"
#       + tags                        = {
#           + Name      = "mongodb"
#           + Terraform = "true"
#         }
#       + tenancy                     = "default"
#       + timeouts                    = null
#       + user_data                   = null
#       + user_data_base64            = null
#       + vpc_security_group_ids      = [
#           + "sg-0bcf932e31b6810c6",
#         ]
#     }
